
Microsoft Visual Studio Solution File, Format Version 12.00
# Visual Studio Version 17
VisualStudioVersion = 17.13.35919.96 d17.13
MinimumVisualStudioVersion = 10.0.40219.1
Project("{FAE04EC0-301F-11D3-BF4B-00C04F79EFBC}") = "spac-share", "spac-share.csproj", "{98C449BC-4E6A-441D-8416-B0426ACAB730}"
EndProject
Global
	GlobalSection(SolutionConfigurationPlatforms) = preSolution
		Debug|Any CPU = Debug|Any CPU
		Release|Any CPU = Release|Any CPU
	EndGlobalSection
	GlobalSection(ProjectConfigurationPlatforms) = postSolution
		{98C449BC-4E6A-441D-8416-B0426ACAB730}.Debug|Any CPU.ActiveCfg = Debug|Any CPU
		{98C449BC-4E6A-441D-8416-B0426ACAB730}.Debug|Any CPU.Build.0 = Debug|Any CPU
		{98C449BC-4E6A-441D-8416-B0426ACAB730}.Release|Any CPU.ActiveCfg = Release|Any CPU
		{98C449BC-4E6A-441D-8416-B0426ACAB730}.Release|Any CPU.Build.0 = Release|Any CPU
	EndGlobalSection
	GlobalSection(SolutionProperties) = preSolution
		HideSolutionNode = FALSE
	EndGlobalSection
	GlobalSection(ExtensibilityGlobals) = postSolution
		SolutionGuid = {3F9F526C-E089-4385-B501-2F89F086DCA2}
	EndGlobalSection
EndGlobal
